
Microsoft Visual Studio Solution File, Format Version 12.00
# Visual Studio 15
VisualStudioVersion = 15.0.28307.572
MinimumVisualStudioVersion = 10.0.40219.1
Project("{8BC9CEB8-8B4A-11D0-8D11-00A0C91BC942}") = "2", "leetcode\leetcode.vcxproj", "{A539D9BD-C371-46D5-B02E-35EB69FBAC41}"
EndProject
Project("{8BC9CEB8-8B4A-11D0-8D11-00A0C91BC942}") = "3", "3\3.vcxproj", "{B96AC9B4-C282-4F48-8E60-3480DA266720}"
EndProject
Project("{8BC9CEB8-8B4A-11D0-8D11-00A0C91BC942}") = "4", "4\4.vcxproj", "{89E11B2B-F5A4-4D44-8A11-8F69BBCDC7D8}"
EndProject
Project("{8BC9CEB8-8B4A-11D0-8D11-00A0C91BC942}") = "5最长回文子串", "5\5.vcxproj", "{A84449FB-52F2-4DAC-A229-918C5B998B17}"
EndProject
Project("{8BC9CEB8-8B4A-11D0-8D11-00A0C91BC942}") = "70", "70\70.vcxproj", "{0C54E7EC-5FA4-4359-9476-80C47DD0FE98}"
EndProject
Project("{8BC9CEB8-8B4A-11D0-8D11-00A0C91BC942}") = "62", "62\62.vcxproj", "{632C1FFB-3C2F-41A1-B405-30F2752C8D54}"
EndProject
Project("{8BC9CEB8-8B4A-11D0-8D11-00A0C91BC942}") = "63", "63\63.vcxproj", "{4D7D3D4A-1831-4CD6-B7D3-44E33A372CF3}"
EndProject
Project("{8BC9CEB8-8B4A-11D0-8D11-00A0C91BC942}") = "467", "467\467.vcxproj", "{88D2BA9A-00EE-494B-9B61-E418C1D3C5CB}"
EndProject
Project("{8BC9CEB8-8B4A-11D0-8D11-00A0C91BC942}") = "125", "125\125.vcxproj", "{6D7A8186-4B70-4F0F-8948-FE18E209AC47}"
EndProject
Project("{8BC9CEB8-8B4A-11D0-8D11-00A0C91BC942}") = "136", "136\136.vcxproj", "{2D30234F-277C-41E0-929E-D2E07CF65000}"
EndProject
Project("{8BC9CEB8-8B4A-11D0-8D11-00A0C91BC942}") = "141", "141\141.vcxproj", "{D9549C8D-3952-4800-A704-4DB0A9D01183}"
EndProject
Project("{8BC9CEB8-8B4A-11D0-8D11-00A0C91BC942}") = "142", "142\142.vcxproj", "{5350DE53-BD04-452E-9ECF-9677B2884ADF}"
EndProject
Project("{8BC9CEB8-8B4A-11D0-8D11-00A0C91BC942}") = "168", "168\168.vcxproj", "{C67A289B-6CD2-472F-8D05-CB0A2C114504}"
EndProject
Project("{8BC9CEB8-8B4A-11D0-8D11-00A0C91BC942}") = "169", "169\169.vcxproj", "{75D422EC-1CB5-48AE-967A-79772E722818}"
EndProject
Project("{8BC9CEB8-8B4A-11D0-8D11-00A0C91BC942}") = "14", "14\14.vcxproj", "{A375BB59-20F1-4339-9599-6A8EF9712044}"
EndProject
Project("{8BC9CEB8-8B4A-11D0-8D11-00A0C91BC942}") = "20", "20\20.vcxproj", "{687694E4-6E47-4866-A33C-853B4B933165}"
EndProject
Project("{8BC9CEB8-8B4A-11D0-8D11-00A0C91BC942}") = "387", "387\387.vcxproj", "{5CCB5E83-B178-4FAC-B31A-9DC12A5CF1AC}"
EndProject
Project("{8BC9CEB8-8B4A-11D0-8D11-00A0C91BC942}") = "344", "344\344.vcxproj", "{F9ED2C85-BE23-4216-B547-313B34E59932}"
EndProject
Project("{8BC9CEB8-8B4A-11D0-8D11-00A0C91BC942}") = "217", "217\217.vcxproj", "{889917C6-EF1C-4779-8020-1C2F04F37F17}"
EndProject
Project("{8BC9CEB8-8B4A-11D0-8D11-00A0C91BC942}") = "7", "7\7.vcxproj", "{DF5D7223-3CFB-4430-AC82-C1B889DBC213}"
EndProject
Project("{8BC9CEB8-8B4A-11D0-8D11-00A0C91BC942}") = "11", "11\11.vcxproj", "{516E5BC1-75DE-401A-9AB3-1208D4B4413F}"
EndProject
Project("{8BC9CEB8-8B4A-11D0-8D11-00A0C91BC942}") = "17", "17\17.vcxproj", "{EE8BC380-5C48-448A-9307-65D76F9B3DFE}"
EndProject
Project("{8BC9CEB8-8B4A-11D0-8D11-00A0C91BC942}") = "46", "46\46.vcxproj", "{8FA2A8A1-070A-4637-80BF-2198A81BA3F4}"
EndProject
Project("{8BC9CEB8-8B4A-11D0-8D11-00A0C91BC942}") = "36", "36\36.vcxproj", "{C5294D32-0077-4665-84F3-A71F944EB641}"
EndProject
Project("{8BC9CEB8-8B4A-11D0-8D11-00A0C91BC942}") = "48", "48\48.vcxproj", "{71B816FD-2B82-4129-BBC3-F4401DB6C290}"
EndProject
Project("{8BC9CEB8-8B4A-11D0-8D11-00A0C91BC942}") = "排序", "排序\排序.vcxproj", "{4575523C-9EDC-429D-9846-11E7348CD744}"
EndProject
Project("{8BC9CEB8-8B4A-11D0-8D11-00A0C91BC942}") = "13", "13\13.vcxproj", "{1C512C32-E33A-4F1C-B7AC-DCD83AEB3271}"
EndProject
Project("{8BC9CEB8-8B4A-11D0-8D11-00A0C91BC942}") = "26", "26\26.vcxproj", "{342184BC-00C6-4E7C-8C1A-6D06E7B70D30}"
EndProject
Project("{8BC9CEB8-8B4A-11D0-8D11-00A0C91BC942}") = "28", "28\28.vcxproj", "{648E22A3-B378-41C4-BB00-F3AF37783440}"
EndProject
Project("{8BC9CEB8-8B4A-11D0-8D11-00A0C91BC942}") = "最长公共连续子序列", "最长公共连续子序列\最长公共连续子序列.vcxproj", "{F79A3F26-A25F-49C0-B639-45E3D4784D85}"
EndProject
Project("{8BC9CEB8-8B4A-11D0-8D11-00A0C91BC942}") = "21", "21\21.vcxproj", "{A44F1627-912D-4E3B-81B9-4501DB203BEF}"
EndProject
Project("{8BC9CEB8-8B4A-11D0-8D11-00A0C91BC942}") = "206反转链表", "206反转链表\206反转链表.vcxproj", "{4CB8C992-DC9A-42F4-8807-EA66978A6453}"
EndProject
Project("{8BC9CEB8-8B4A-11D0-8D11-00A0C91BC942}") = "234回文链表", "234回文链表\234回文链表.vcxproj", "{9D448CBC-F329-45BC-9C9E-CF22644FE2E5}"
EndProject
Project("{8BC9CEB8-8B4A-11D0-8D11-00A0C91BC942}") = "38", "38\38.vcxproj", "{FFC20EE0-E259-47BC-97CF-09CB93D4CC57}"
EndProject
Project("{8BC9CEB8-8B4A-11D0-8D11-00A0C91BC942}") = "53", "53\53.vcxproj", "{C38865C6-F567-41C6-9384-33D75B815AFB}"
EndProject
Project("{8BC9CEB8-8B4A-11D0-8D11-00A0C91BC942}") = "66", "66\66.vcxproj", "{4F933B0C-0F36-477D-B6FF-E33AB3ABFE56}"
EndProject
Project("{8BC9CEB8-8B4A-11D0-8D11-00A0C91BC942}") = "69", "69\69.vcxproj", "{98FBAF7A-465C-439E-BDD4-9F0E08E21318}"
EndProject
Project("{8BC9CEB8-8B4A-11D0-8D11-00A0C91BC942}") = "88", "88\88.vcxproj", "{F952497B-B015-4A96-942B-3C0E7DCDBFDB}"
EndProject
Project("{8BC9CEB8-8B4A-11D0-8D11-00A0C91BC942}") = "折半查找", "折半查找\折半查找.vcxproj", "{3E38FB4F-06EE-4824-83BB-DDDB37047D9E}"
EndProject
Project("{8BC9CEB8-8B4A-11D0-8D11-00A0C91BC942}") = "104", "104\104.vcxproj", "{243E9BD3-4287-4AFD-B4D4-4296D887B995}"
EndProject
Project("{8BC9CEB8-8B4A-11D0-8D11-00A0C91BC942}") = "108", "108\108.vcxproj", "{DDA2C2BA-B23D-4A01-BDDF-9CE7D27EE076}"
EndProject
Project("{8BC9CEB8-8B4A-11D0-8D11-00A0C91BC942}") = "118", "118\118.vcxproj", "{37B88A9E-B76E-42E8-9B51-AC240A1C9328}"
EndProject
Project("{8BC9CEB8-8B4A-11D0-8D11-00A0C91BC942}") = "121", "121\121.vcxproj", "{083F6221-15FB-4E61-8E5A-7C548ECC5A4F}"
EndProject
Project("{8BC9CEB8-8B4A-11D0-8D11-00A0C91BC942}") = "122", "122\122.vcxproj", "{3705F464-6E0A-4BA2-BB81-E599493393B2}"
EndProject
Project("{8BC9CEB8-8B4A-11D0-8D11-00A0C91BC942}") = "155", "155\155.vcxproj", "{41593E13-170B-4821-950B-8CC37ED6CE69}"
EndProject
Project("{8BC9CEB8-8B4A-11D0-8D11-00A0C91BC942}") = "160", "160\160.vcxproj", "{71A1D827-CE3D-4837-8DB5-59FCDBC09066}"
EndProject
Project("{8BC9CEB8-8B4A-11D0-8D11-00A0C91BC942}") = "171", "171\171.vcxproj", "{9CBA16F9-2D5E-4E7D-A9A5-BC3734D0A8A1}"
EndProject
Project("{8BC9CEB8-8B4A-11D0-8D11-00A0C91BC942}") = "172", "172\172.vcxproj", "{04605D85-1609-4875-AF8B-173CAA22ACF2}"
EndProject
Project("{8BC9CEB8-8B4A-11D0-8D11-00A0C91BC942}") = "57", "57\57.vcxproj", "{83C7D548-B6F2-4DC2-8D89-D55F5C043861}"
EndProject
Project("{8BC9CEB8-8B4A-11D0-8D11-00A0C91BC942}") = "415", "415\415.vcxproj", "{0DF2F572-F997-45D6-B11D-F7CB674D0C7E}"
EndProject
Project("{8BC9CEB8-8B4A-11D0-8D11-00A0C91BC942}") = "406", "406\406.vcxproj", "{AD0D0B35-5A23-44A1-8412-C358C6D46268}"
EndProject
Project("{8BC9CEB8-8B4A-11D0-8D11-00A0C91BC942}") = "94中序", "94\94.vcxproj", "{F2927AFC-ED67-46F5-9BEF-A39B1A497B35}"
EndProject
Project("{8BC9CEB8-8B4A-11D0-8D11-00A0C91BC942}") = "144前序", "144\144.vcxproj", "{6C9970FA-DCDA-4F4B-9188-D2038DC63DDA}"
EndProject
Project("{8BC9CEB8-8B4A-11D0-8D11-00A0C91BC942}") = "145后序", "145\145.vcxproj", "{F9705679-B66B-41D0-8112-9B3B23FA4440}"
EndProject
Project("{8BC9CEB8-8B4A-11D0-8D11-00A0C91BC942}") = "442", "442\442.vcxproj", "{E6B4150B-5DFD-42CD-AFF1-CDE93C5E1675}"
EndProject
Project("{8BC9CEB8-8B4A-11D0-8D11-00A0C91BC942}") = "394", "394\394.vcxproj", "{9F93AA4A-69C6-4E0C-910D-0B7F9F91C649}"
EndProject
Project("{8BC9CEB8-8B4A-11D0-8D11-00A0C91BC942}") = "198", "198\198.vcxproj", "{8BD5D977-F841-4056-BBCF-E41F1770E06A}"
EndProject
Project("{8BC9CEB8-8B4A-11D0-8D11-00A0C91BC942}") = "84", "84\84.vcxproj", "{01C19ED5-1333-4D7A-9969-F468CCBBA30E}"
EndProject
Project("{8BC9CEB8-8B4A-11D0-8D11-00A0C91BC942}") = "30", "30\30.vcxproj", "{C6D590FE-7B27-4110-BB20-752F8AD993BE}"
EndProject
Project("{8BC9CEB8-8B4A-11D0-8D11-00A0C91BC942}") = "64", "64\64.vcxproj", "{023C5B32-9D9E-4F03-B2A0-DF62B4CE615A}"
EndProject
Project("{8BC9CEB8-8B4A-11D0-8D11-00A0C91BC942}") = "837", "837\837.vcxproj", "{01EF8589-5372-4609-A977-1723C0EBBA13}"
EndProject
Project("{8BC9CEB8-8B4A-11D0-8D11-00A0C91BC942}") = "238", "238\238.vcxproj", "{795AD4AC-B2D4-4AA3-A035-FAC8DEDF2AEC}"
EndProject
Project("{8BC9CEB8-8B4A-11D0-8D11-00A0C91BC942}") = "29", "29\29.vcxproj", "{5E44CEE1-A23E-46E0-8F24-CF5E9EA385EA}"
EndProject
Project("{8BC9CEB8-8B4A-11D0-8D11-00A0C91BC942}") = "128", "128\128.vcxproj", "{EE73256E-3E34-417D-AB87-C7AA2635A5B8}"
EndProject
Project("{8BC9CEB8-8B4A-11D0-8D11-00A0C91BC942}") = "126", "126\126.vcxproj", "{BB838454-0E02-4220-BC27-37672DC8CAF9}"
EndProject
Project("{8BC9CEB8-8B4A-11D0-8D11-00A0C91BC942}") = "990", "990\990.vcxproj", "{E250B5A5-6345-441A-9C46-A64468B6DF58}"
EndProject
Project("{8BC9CEB8-8B4A-11D0-8D11-00A0C91BC942}") = "面46", "面46\面46.vcxproj", "{DF4AA1B5-8D3D-4FDF-B244-8AE0AF7F7DC1}"
EndProject
Project("{8BC9CEB8-8B4A-11D0-8D11-00A0C91BC942}") = "739", "739\739.vcxproj", "{02A1F77B-C9AC-466A-83EA-85E4F29E41C5}"
EndProject
Project("{8BC9CEB8-8B4A-11D0-8D11-00A0C91BC942}") = "15", "15\15.vcxproj", "{23AFF7C3-4214-44F4-AB18-EE75F13AB1FC}"
EndProject
Global
	GlobalSection(SolutionConfigurationPlatforms) = preSolution
		Debug|x64 = Debug|x64
		Debug|x86 = Debug|x86
		Release|x64 = Release|x64
		Release|x86 = Release|x86
	EndGlobalSection
	GlobalSection(ProjectConfigurationPlatforms) = postSolution
		{A539D9BD-C371-46D5-B02E-35EB69FBAC41}.Debug|x64.ActiveCfg = Debug|x64
		{A539D9BD-C371-46D5-B02E-35EB69FBAC41}.Debug|x64.Build.0 = Debug|x64
		{A539D9BD-C371-46D5-B02E-35EB69FBAC41}.Debug|x86.ActiveCfg = Debug|Win32
		{A539D9BD-C371-46D5-B02E-35EB69FBAC41}.Debug|x86.Build.0 = Debug|Win32
		{A539D9BD-C371-46D5-B02E-35EB69FBAC41}.Release|x64.ActiveCfg = Release|x64
		{A539D9BD-C371-46D5-B02E-35EB69FBAC41}.Release|x64.Build.0 = Release|x64
		{A539D9BD-C371-46D5-B02E-35EB69FBAC41}.Release|x86.ActiveCfg = Release|Win32
		{A539D9BD-C371-46D5-B02E-35EB69FBAC41}.Release|x86.Build.0 = Release|Win32
		{B96AC9B4-C282-4F48-8E60-3480DA266720}.Debug|x64.ActiveCfg = Debug|x64
		{B96AC9B4-C282-4F48-8E60-3480DA266720}.Debug|x64.Build.0 = Debug|x64
		{B96AC9B4-C282-4F48-8E60-3480DA266720}.Debug|x86.ActiveCfg = Debug|Win32
		{B96AC9B4-C282-4F48-8E60-3480DA266720}.Debug|x86.Build.0 = Debug|Win32
		{B96AC9B4-C282-4F48-8E60-3480DA266720}.Release|x64.ActiveCfg = Release|x64
		{B96AC9B4-C282-4F48-8E60-3480DA266720}.Release|x64.Build.0 = Release|x64
		{B96AC9B4-C282-4F48-8E60-3480DA266720}.Release|x86.ActiveCfg = Release|Win32
		{B96AC9B4-C282-4F48-8E60-3480DA266720}.Release|x86.Build.0 = Release|Win32
		{89E11B2B-F5A4-4D44-8A11-8F69BBCDC7D8}.Debug|x64.ActiveCfg = Debug|x64
		{89E11B2B-F5A4-4D44-8A11-8F69BBCDC7D8}.Debug|x64.Build.0 = Debug|x64
		{89E11B2B-F5A4-4D44-8A11-8F69BBCDC7D8}.Debug|x86.ActiveCfg = Debug|Win32
		{89E11B2B-F5A4-4D44-8A11-8F69BBCDC7D8}.Debug|x86.Build.0 = Debug|Win32
		{89E11B2B-F5A4-4D44-8A11-8F69BBCDC7D8}.Release|x64.ActiveCfg = Release|x64
		{89E11B2B-F5A4-4D44-8A11-8F69BBCDC7D8}.Release|x64.Build.0 = Release|x64
		{89E11B2B-F5A4-4D44-8A11-8F69BBCDC7D8}.Release|x86.ActiveCfg = Release|Win32
		{89E11B2B-F5A4-4D44-8A11-8F69BBCDC7D8}.Release|x86.Build.0 = Release|Win32
		{A84449FB-52F2-4DAC-A229-918C5B998B17}.Debug|x64.ActiveCfg = Debug|x64
		{A84449FB-52F2-4DAC-A229-918C5B998B17}.Debug|x64.Build.0 = Debug|x64
		{A84449FB-52F2-4DAC-A229-918C5B998B17}.Debug|x86.ActiveCfg = Debug|Win32
		{A84449FB-52F2-4DAC-A229-918C5B998B17}.Debug|x86.Build.0 = Debug|Win32
		{A84449FB-52F2-4DAC-A229-918C5B998B17}.Release|x64.ActiveCfg = Release|x64
		{A84449FB-52F2-4DAC-A229-918C5B998B17}.Release|x64.Build.0 = Release|x64
		{A84449FB-52F2-4DAC-A229-918C5B998B17}.Release|x86.ActiveCfg = Release|Win32
		{A84449FB-52F2-4DAC-A229-918C5B998B17}.Release|x86.Build.0 = Release|Win32
		{0C54E7EC-5FA4-4359-9476-80C47DD0FE98}.Debug|x64.ActiveCfg = Debug|x64
		{0C54E7EC-5FA4-4359-9476-80C47DD0FE98}.Debug|x64.Build.0 = Debug|x64
		{0C54E7EC-5FA4-4359-9476-80C47DD0FE98}.Debug|x86.ActiveCfg = Debug|Win32
		{0C54E7EC-5FA4-4359-9476-80C47DD0FE98}.Debug|x86.Build.0 = Debug|Win32
		{0C54E7EC-5FA4-4359-9476-80C47DD0FE98}.Release|x64.ActiveCfg = Release|x64
		{0C54E7EC-5FA4-4359-9476-80C47DD0FE98}.Release|x64.Build.0 = Release|x64
		{0C54E7EC-5FA4-4359-9476-80C47DD0FE98}.Release|x86.ActiveCfg = Release|Win32
		{0C54E7EC-5FA4-4359-9476-80C47DD0FE98}.Release|x86.Build.0 = Release|Win32
		{632C1FFB-3C2F-41A1-B405-30F2752C8D54}.Debug|x64.ActiveCfg = Debug|x64
		{632C1FFB-3C2F-41A1-B405-30F2752C8D54}.Debug|x64.Build.0 = Debug|x64
		{632C1FFB-3C2F-41A1-B405-30F2752C8D54}.Debug|x86.ActiveCfg = Debug|Win32
		{632C1FFB-3C2F-41A1-B405-30F2752C8D54}.Debug|x86.Build.0 = Debug|Win32
		{632C1FFB-3C2F-41A1-B405-30F2752C8D54}.Release|x64.ActiveCfg = Release|x64
		{632C1FFB-3C2F-41A1-B405-30F2752C8D54}.Release|x64.Build.0 = Release|x64
		{632C1FFB-3C2F-41A1-B405-30F2752C8D54}.Release|x86.ActiveCfg = Release|Win32
		{632C1FFB-3C2F-41A1-B405-30F2752C8D54}.Release|x86.Build.0 = Release|Win32
		{4D7D3D4A-1831-4CD6-B7D3-44E33A372CF3}.Debug|x64.ActiveCfg = Debug|x64
		{4D7D3D4A-1831-4CD6-B7D3-44E33A372CF3}.Debug|x64.Build.0 = Debug|x64
		{4D7D3D4A-1831-4CD6-B7D3-44E33A372CF3}.Debug|x86.ActiveCfg = Debug|Win32
		{4D7D3D4A-1831-4CD6-B7D3-44E33A372CF3}.Debug|x86.Build.0 = Debug|Win32
		{4D7D3D4A-1831-4CD6-B7D3-44E33A372CF3}.Release|x64.ActiveCfg = Release|x64
		{4D7D3D4A-1831-4CD6-B7D3-44E33A372CF3}.Release|x64.Build.0 = Release|x64
		{4D7D3D4A-1831-4CD6-B7D3-44E33A372CF3}.Release|x86.ActiveCfg = Release|Win32
		{4D7D3D4A-1831-4CD6-B7D3-44E33A372CF3}.Release|x86.Build.0 = Release|Win32
		{88D2BA9A-00EE-494B-9B61-E418C1D3C5CB}.Debug|x64.ActiveCfg = Debug|x64
		{88D2BA9A-00EE-494B-9B61-E418C1D3C5CB}.Debug|x64.Build.0 = Debug|x64
		{88D2BA9A-00EE-494B-9B61-E418C1D3C5CB}.Debug|x86.ActiveCfg = Debug|Win32
		{88D2BA9A-00EE-494B-9B61-E418C1D3C5CB}.Debug|x86.Build.0 = Debug|Win32
		{88D2BA9A-00EE-494B-9B61-E418C1D3C5CB}.Release|x64.ActiveCfg = Release|x64
		{88D2BA9A-00EE-494B-9B61-E418C1D3C5CB}.Release|x64.Build.0 = Release|x64
		{88D2BA9A-00EE-494B-9B61-E418C1D3C5CB}.Release|x86.ActiveCfg = Release|Win32
		{88D2BA9A-00EE-494B-9B61-E418C1D3C5CB}.Release|x86.Build.0 = Release|Win32
		{6D7A8186-4B70-4F0F-8948-FE18E209AC47}.Debug|x64.ActiveCfg = Debug|x64
		{6D7A8186-4B70-4F0F-8948-FE18E209AC47}.Debug|x64.Build.0 = Debug|x64
		{6D7A8186-4B70-4F0F-8948-FE18E209AC47}.Debug|x86.ActiveCfg = Debug|Win32
		{6D7A8186-4B70-4F0F-8948-FE18E209AC47}.Debug|x86.Build.0 = Debug|Win32
		{6D7A8186-4B70-4F0F-8948-FE18E209AC47}.Release|x64.ActiveCfg = Release|x64
		{6D7A8186-4B70-4F0F-8948-FE18E209AC47}.Release|x64.Build.0 = Release|x64
		{6D7A8186-4B70-4F0F-8948-FE18E209AC47}.Release|x86.ActiveCfg = Release|Win32
		{6D7A8186-4B70-4F0F-8948-FE18E209AC47}.Release|x86.Build.0 = Release|Win32
		{2D30234F-277C-41E0-929E-D2E07CF65000}.Debug|x64.ActiveCfg = Debug|x64
		{2D30234F-277C-41E0-929E-D2E07CF65000}.Debug|x64.Build.0 = Debug|x64
		{2D30234F-277C-41E0-929E-D2E07CF65000}.Debug|x86.ActiveCfg = Debug|Win32
		{2D30234F-277C-41E0-929E-D2E07CF65000}.Debug|x86.Build.0 = Debug|Win32
		{2D30234F-277C-41E0-929E-D2E07CF65000}.Release|x64.ActiveCfg = Release|x64
		{2D30234F-277C-41E0-929E-D2E07CF65000}.Release|x64.Build.0 = Release|x64
		{2D30234F-277C-41E0-929E-D2E07CF65000}.Release|x86.ActiveCfg = Release|Win32
		{2D30234F-277C-41E0-929E-D2E07CF65000}.Release|x86.Build.0 = Release|Win32
		{D9549C8D-3952-4800-A704-4DB0A9D01183}.Debug|x64.ActiveCfg = Debug|x64
		{D9549C8D-3952-4800-A704-4DB0A9D01183}.Debug|x64.Build.0 = Debug|x64
		{D9549C8D-3952-4800-A704-4DB0A9D01183}.Debug|x86.ActiveCfg = Debug|Win32
		{D9549C8D-3952-4800-A704-4DB0A9D01183}.Debug|x86.Build.0 = Debug|Win32
		{D9549C8D-3952-4800-A704-4DB0A9D01183}.Release|x64.ActiveCfg = Release|x64
		{D9549C8D-3952-4800-A704-4DB0A9D01183}.Release|x64.Build.0 = Release|x64
		{D9549C8D-3952-4800-A704-4DB0A9D01183}.Release|x86.ActiveCfg = Release|Win32
		{D9549C8D-3952-4800-A704-4DB0A9D01183}.Release|x86.Build.0 = Release|Win32
		{5350DE53-BD04-452E-9ECF-9677B2884ADF}.Debug|x64.ActiveCfg = Debug|x64
		{5350DE53-BD04-452E-9ECF-9677B2884ADF}.Debug|x64.Build.0 = Debug|x64
		{5350DE53-BD04-452E-9ECF-9677B2884ADF}.Debug|x86.ActiveCfg = Debug|Win32
		{5350DE53-BD04-452E-9ECF-9677B2884ADF}.Debug|x86.Build.0 = Debug|Win32
		{5350DE53-BD04-452E-9ECF-9677B2884ADF}.Release|x64.ActiveCfg = Release|x64
		{5350DE53-BD04-452E-9ECF-9677B2884ADF}.Release|x64.Build.0 = Release|x64
		{5350DE53-BD04-452E-9ECF-9677B2884ADF}.Release|x86.ActiveCfg = Release|Win32
		{5350DE53-BD04-452E-9ECF-9677B2884ADF}.Release|x86.Build.0 = Release|Win32
		{C67A289B-6CD2-472F-8D05-CB0A2C114504}.Debug|x64.ActiveCfg = Debug|x64
		{C67A289B-6CD2-472F-8D05-CB0A2C114504}.Debug|x64.Build.0 = Debug|x64
		{C67A289B-6CD2-472F-8D05-CB0A2C114504}.Debug|x86.ActiveCfg = Debug|Win32
		{C67A289B-6CD2-472F-8D05-CB0A2C114504}.Debug|x86.Build.0 = Debug|Win32
		{C67A289B-6CD2-472F-8D05-CB0A2C114504}.Release|x64.ActiveCfg = Release|x64
		{C67A289B-6CD2-472F-8D05-CB0A2C114504}.Release|x64.Build.0 = Release|x64
		{C67A289B-6CD2-472F-8D05-CB0A2C114504}.Release|x86.ActiveCfg = Release|Win32
		{C67A289B-6CD2-472F-8D05-CB0A2C114504}.Release|x86.Build.0 = Release|Win32
		{75D422EC-1CB5-48AE-967A-79772E722818}.Debug|x64.ActiveCfg = Debug|x64
		{75D422EC-1CB5-48AE-967A-79772E722818}.Debug|x64.Build.0 = Debug|x64
		{75D422EC-1CB5-48AE-967A-79772E722818}.Debug|x86.ActiveCfg = Debug|Win32
		{75D422EC-1CB5-48AE-967A-79772E722818}.Debug|x86.Build.0 = Debug|Win32
		{75D422EC-1CB5-48AE-967A-79772E722818}.Release|x64.ActiveCfg = Release|x64
		{75D422EC-1CB5-48AE-967A-79772E722818}.Release|x64.Build.0 = Release|x64
		{75D422EC-1CB5-48AE-967A-79772E722818}.Release|x86.ActiveCfg = Release|Win32
		{75D422EC-1CB5-48AE-967A-79772E722818}.Release|x86.Build.0 = Release|Win32
		{A375BB59-20F1-4339-9599-6A8EF9712044}.Debug|x64.ActiveCfg = Debug|x64
		{A375BB59-20F1-4339-9599-6A8EF9712044}.Debug|x64.Build.0 = Debug|x64
		{A375BB59-20F1-4339-9599-6A8EF9712044}.Debug|x86.ActiveCfg = Debug|Win32
		{A375BB59-20F1-4339-9599-6A8EF9712044}.Debug|x86.Build.0 = Debug|Win32
		{A375BB59-20F1-4339-9599-6A8EF9712044}.Release|x64.ActiveCfg = Release|x64
		{A375BB59-20F1-4339-9599-6A8EF9712044}.Release|x64.Build.0 = Release|x64
		{A375BB59-20F1-4339-9599-6A8EF9712044}.Release|x86.ActiveCfg = Release|Win32
		{A375BB59-20F1-4339-9599-6A8EF9712044}.Release|x86.Build.0 = Release|Win32
		{687694E4-6E47-4866-A33C-853B4B933165}.Debug|x64.ActiveCfg = Debug|x64
		{687694E4-6E47-4866-A33C-853B4B933165}.Debug|x64.Build.0 = Debug|x64
		{687694E4-6E47-4866-A33C-853B4B933165}.Debug|x86.ActiveCfg = Debug|Win32
		{687694E4-6E47-4866-A33C-853B4B933165}.Debug|x86.Build.0 = Debug|Win32
		{687694E4-6E47-4866-A33C-853B4B933165}.Release|x64.ActiveCfg = Release|x64
		{687694E4-6E47-4866-A33C-853B4B933165}.Release|x64.Build.0 = Release|x64
		{687694E4-6E47-4866-A33C-853B4B933165}.Release|x86.ActiveCfg = Release|Win32
		{687694E4-6E47-4866-A33C-853B4B933165}.Release|x86.Build.0 = Release|Win32
		{5CCB5E83-B178-4FAC-B31A-9DC12A5CF1AC}.Debug|x64.ActiveCfg = Debug|x64
		{5CCB5E83-B178-4FAC-B31A-9DC12A5CF1AC}.Debug|x64.Build.0 = Debug|x64
		{5CCB5E83-B178-4FAC-B31A-9DC12A5CF1AC}.Debug|x86.ActiveCfg = Debug|Win32
		{5CCB5E83-B178-4FAC-B31A-9DC12A5CF1AC}.Debug|x86.Build.0 = Debug|Win32
		{5CCB5E83-B178-4FAC-B31A-9DC12A5CF1AC}.Release|x64.ActiveCfg = Release|x64
		{5CCB5E83-B178-4FAC-B31A-9DC12A5CF1AC}.Release|x64.Build.0 = Release|x64
		{5CCB5E83-B178-4FAC-B31A-9DC12A5CF1AC}.Release|x86.ActiveCfg = Release|Win32
		{5CCB5E83-B178-4FAC-B31A-9DC12A5CF1AC}.Release|x86.Build.0 = Release|Win32
		{F9ED2C85-BE23-4216-B547-313B34E59932}.Debug|x64.ActiveCfg = Debug|x64
		{F9ED2C85-BE23-4216-B547-313B34E59932}.Debug|x64.Build.0 = Debug|x64
		{F9ED2C85-BE23-4216-B547-313B34E59932}.Debug|x86.ActiveCfg = Debug|Win32
		{F9ED2C85-BE23-4216-B547-313B34E59932}.Debug|x86.Build.0 = Debug|Win32
		{F9ED2C85-BE23-4216-B547-313B34E59932}.Release|x64.ActiveCfg = Release|x64
		{F9ED2C85-BE23-4216-B547-313B34E59932}.Release|x64.Build.0 = Release|x64
		{F9ED2C85-BE23-4216-B547-313B34E59932}.Release|x86.ActiveCfg = Release|Win32
		{F9ED2C85-BE23-4216-B547-313B34E59932}.Release|x86.Build.0 = Release|Win32
		{889917C6-EF1C-4779-8020-1C2F04F37F17}.Debug|x64.ActiveCfg = Debug|x64
		{889917C6-EF1C-4779-8020-1C2F04F37F17}.Debug|x64.Build.0 = Debug|x64
		{889917C6-EF1C-4779-8020-1C2F04F37F17}.Debug|x86.ActiveCfg = Debug|Win32
		{889917C6-EF1C-4779-8020-1C2F04F37F17}.Debug|x86.Build.0 = Debug|Win32
		{889917C6-EF1C-4779-8020-1C2F04F37F17}.Release|x64.ActiveCfg = Release|x64
		{889917C6-EF1C-4779-8020-1C2F04F37F17}.Release|x64.Build.0 = Release|x64
		{889917C6-EF1C-4779-8020-1C2F04F37F17}.Release|x86.ActiveCfg = Release|Win32
		{889917C6-EF1C-4779-8020-1C2F04F37F17}.Release|x86.Build.0 = Release|Win32
		{DF5D7223-3CFB-4430-AC82-C1B889DBC213}.Debug|x64.ActiveCfg = Debug|x64
		{DF5D7223-3CFB-4430-AC82-C1B889DBC213}.Debug|x64.Build.0 = Debug|x64
		{DF5D7223-3CFB-4430-AC82-C1B889DBC213}.Debug|x86.ActiveCfg = Debug|Win32
		{DF5D7223-3CFB-4430-AC82-C1B889DBC213}.Debug|x86.Build.0 = Debug|Win32
		{DF5D7223-3CFB-4430-AC82-C1B889DBC213}.Release|x64.ActiveCfg = Release|x64
		{DF5D7223-3CFB-4430-AC82-C1B889DBC213}.Release|x64.Build.0 = Release|x64
		{DF5D7223-3CFB-4430-AC82-C1B889DBC213}.Release|x86.ActiveCfg = Release|Win32
		{DF5D7223-3CFB-4430-AC82-C1B889DBC213}.Release|x86.Build.0 = Release|Win32
		{516E5BC1-75DE-401A-9AB3-1208D4B4413F}.Debug|x64.ActiveCfg = Debug|x64
		{516E5BC1-75DE-401A-9AB3-1208D4B4413F}.Debug|x64.Build.0 = Debug|x64
		{516E5BC1-75DE-401A-9AB3-1208D4B4413F}.Debug|x86.ActiveCfg = Debug|Win32
		{516E5BC1-75DE-401A-9AB3-1208D4B4413F}.Debug|x86.Build.0 = Debug|Win32
		{516E5BC1-75DE-401A-9AB3-1208D4B4413F}.Release|x64.ActiveCfg = Release|x64
		{516E5BC1-75DE-401A-9AB3-1208D4B4413F}.Release|x64.Build.0 = Release|x64
		{516E5BC1-75DE-401A-9AB3-1208D4B4413F}.Release|x86.ActiveCfg = Release|Win32
		{516E5BC1-75DE-401A-9AB3-1208D4B4413F}.Release|x86.Build.0 = Release|Win32
		{EE8BC380-5C48-448A-9307-65D76F9B3DFE}.Debug|x64.ActiveCfg = Debug|x64
		{EE8BC380-5C48-448A-9307-65D76F9B3DFE}.Debug|x64.Build.0 = Debug|x64
		{EE8BC380-5C48-448A-9307-65D76F9B3DFE}.Debug|x86.ActiveCfg = Debug|Win32
		{EE8BC380-5C48-448A-9307-65D76F9B3DFE}.Debug|x86.Build.0 = Debug|Win32
		{EE8BC380-5C48-448A-9307-65D76F9B3DFE}.Release|x64.ActiveCfg = Release|x64
		{EE8BC380-5C48-448A-9307-65D76F9B3DFE}.Release|x64.Build.0 = Release|x64
		{EE8BC380-5C48-448A-9307-65D76F9B3DFE}.Release|x86.ActiveCfg = Release|Win32
		{EE8BC380-5C48-448A-9307-65D76F9B3DFE}.Release|x86.Build.0 = Release|Win32
		{8FA2A8A1-070A-4637-80BF-2198A81BA3F4}.Debug|x64.ActiveCfg = Debug|x64
		{8FA2A8A1-070A-4637-80BF-2198A81BA3F4}.Debug|x64.Build.0 = Debug|x64
		{8FA2A8A1-070A-4637-80BF-2198A81BA3F4}.Debug|x86.ActiveCfg = Debug|Win32
		{8FA2A8A1-070A-4637-80BF-2198A81BA3F4}.Debug|x86.Build.0 = Debug|Win32
		{8FA2A8A1-070A-4637-80BF-2198A81BA3F4}.Release|x64.ActiveCfg = Release|x64
		{8FA2A8A1-070A-4637-80BF-2198A81BA3F4}.Release|x64.Build.0 = Release|x64
		{8FA2A8A1-070A-4637-80BF-2198A81BA3F4}.Release|x86.ActiveCfg = Release|Win32
		{8FA2A8A1-070A-4637-80BF-2198A81BA3F4}.Release|x86.Build.0 = Release|Win32
		{C5294D32-0077-4665-84F3-A71F944EB641}.Debug|x64.ActiveCfg = Debug|x64
		{C5294D32-0077-4665-84F3-A71F944EB641}.Debug|x64.Build.0 = Debug|x64
		{C5294D32-0077-4665-84F3-A71F944EB641}.Debug|x86.ActiveCfg = Debug|Win32
		{C5294D32-0077-4665-84F3-A71F944EB641}.Debug|x86.Build.0 = Debug|Win32
		{C5294D32-0077-4665-84F3-A71F944EB641}.Release|x64.ActiveCfg = Release|x64
		{C5294D32-0077-4665-84F3-A71F944EB641}.Release|x64.Build.0 = Release|x64
		{C5294D32-0077-4665-84F3-A71F944EB641}.Release|x86.ActiveCfg = Release|Win32
		{C5294D32-0077-4665-84F3-A71F944EB641}.Release|x86.Build.0 = Release|Win32
		{71B816FD-2B82-4129-BBC3-F4401DB6C290}.Debug|x64.ActiveCfg = Debug|x64
		{71B816FD-2B82-4129-BBC3-F4401DB6C290}.Debug|x64.Build.0 = Debug|x64
		{71B816FD-2B82-4129-BBC3-F4401DB6C290}.Debug|x86.ActiveCfg = Debug|Win32
		{71B816FD-2B82-4129-BBC3-F4401DB6C290}.Debug|x86.Build.0 = Debug|Win32
		{71B816FD-2B82-4129-BBC3-F4401DB6C290}.Release|x64.ActiveCfg = Release|x64
		{71B816FD-2B82-4129-BBC3-F4401DB6C290}.Release|x64.Build.0 = Release|x64
		{71B816FD-2B82-4129-BBC3-F4401DB6C290}.Release|x86.ActiveCfg = Release|Win32
		{71B816FD-2B82-4129-BBC3-F4401DB6C290}.Release|x86.Build.0 = Release|Win32
		{4575523C-9EDC-429D-9846-11E7348CD744}.Debug|x64.ActiveCfg = Debug|x64
		{4575523C-9EDC-429D-9846-11E7348CD744}.Debug|x64.Build.0 = Debug|x64
		{4575523C-9EDC-429D-9846-11E7348CD744}.Debug|x86.ActiveCfg = Debug|Win32
		{4575523C-9EDC-429D-9846-11E7348CD744}.Debug|x86.Build.0 = Debug|Win32
		{4575523C-9EDC-429D-9846-11E7348CD744}.Release|x64.ActiveCfg = Release|x64
		{4575523C-9EDC-429D-9846-11E7348CD744}.Release|x64.Build.0 = Release|x64
		{4575523C-9EDC-429D-9846-11E7348CD744}.Release|x86.ActiveCfg = Release|Win32
		{4575523C-9EDC-429D-9846-11E7348CD744}.Release|x86.Build.0 = Release|Win32
		{1C512C32-E33A-4F1C-B7AC-DCD83AEB3271}.Debug|x64.ActiveCfg = Debug|x64
		{1C512C32-E33A-4F1C-B7AC-DCD83AEB3271}.Debug|x64.Build.0 = Debug|x64
		{1C512C32-E33A-4F1C-B7AC-DCD83AEB3271}.Debug|x86.ActiveCfg = Debug|Win32
		{1C512C32-E33A-4F1C-B7AC-DCD83AEB3271}.Debug|x86.Build.0 = Debug|Win32
		{1C512C32-E33A-4F1C-B7AC-DCD83AEB3271}.Release|x64.ActiveCfg = Release|x64
		{1C512C32-E33A-4F1C-B7AC-DCD83AEB3271}.Release|x64.Build.0 = Release|x64
		{1C512C32-E33A-4F1C-B7AC-DCD83AEB3271}.Release|x86.ActiveCfg = Release|Win32
		{1C512C32-E33A-4F1C-B7AC-DCD83AEB3271}.Release|x86.Build.0 = Release|Win32
		{342184BC-00C6-4E7C-8C1A-6D06E7B70D30}.Debug|x64.ActiveCfg = Debug|x64
		{342184BC-00C6-4E7C-8C1A-6D06E7B70D30}.Debug|x64.Build.0 = Debug|x64
		{342184BC-00C6-4E7C-8C1A-6D06E7B70D30}.Debug|x86.ActiveCfg = Debug|Win32
		{342184BC-00C6-4E7C-8C1A-6D06E7B70D30}.Debug|x86.Build.0 = Debug|Win32
		{342184BC-00C6-4E7C-8C1A-6D06E7B70D30}.Release|x64.ActiveCfg = Release|x64
		{342184BC-00C6-4E7C-8C1A-6D06E7B70D30}.Release|x64.Build.0 = Release|x64
		{342184BC-00C6-4E7C-8C1A-6D06E7B70D30}.Release|x86.ActiveCfg = Release|Win32
		{342184BC-00C6-4E7C-8C1A-6D06E7B70D30}.Release|x86.Build.0 = Release|Win32
		{648E22A3-B378-41C4-BB00-F3AF37783440}.Debug|x64.ActiveCfg = Debug|x64
		{648E22A3-B378-41C4-BB00-F3AF37783440}.Debug|x64.Build.0 = Debug|x64
		{648E22A3-B378-41C4-BB00-F3AF37783440}.Debug|x86.ActiveCfg = Debug|Win32
		{648E22A3-B378-41C4-BB00-F3AF37783440}.Debug|x86.Build.0 = Debug|Win32
		{648E22A3-B378-41C4-BB00-F3AF37783440}.Release|x64.ActiveCfg = Release|x64
		{648E22A3-B378-41C4-BB00-F3AF37783440}.Release|x64.Build.0 = Release|x64
		{648E22A3-B378-41C4-BB00-F3AF37783440}.Release|x86.ActiveCfg = Release|Win32
		{648E22A3-B378-41C4-BB00-F3AF37783440}.Release|x86.Build.0 = Release|Win32
		{F79A3F26-A25F-49C0-B639-45E3D4784D85}.Debug|x64.ActiveCfg = Debug|x64
		{F79A3F26-A25F-49C0-B639-45E3D4784D85}.Debug|x64.Build.0 = Debug|x64
		{F79A3F26-A25F-49C0-B639-45E3D4784D85}.Debug|x86.ActiveCfg = Debug|Win32
		{F79A3F26-A25F-49C0-B639-45E3D4784D85}.Debug|x86.Build.0 = Debug|Win32
		{F79A3F26-A25F-49C0-B639-45E3D4784D85}.Release|x64.ActiveCfg = Release|x64
		{F79A3F26-A25F-49C0-B639-45E3D4784D85}.Release|x64.Build.0 = Release|x64
		{F79A3F26-A25F-49C0-B639-45E3D4784D85}.Release|x86.ActiveCfg = Release|Win32
		{F79A3F26-A25F-49C0-B639-45E3D4784D85}.Release|x86.Build.0 = Release|Win32
		{A44F1627-912D-4E3B-81B9-4501DB203BEF}.Debug|x64.ActiveCfg = Debug|x64
		{A44F1627-912D-4E3B-81B9-4501DB203BEF}.Debug|x64.Build.0 = Debug|x64
		{A44F1627-912D-4E3B-81B9-4501DB203BEF}.Debug|x86.ActiveCfg = Debug|Win32
		{A44F1627-912D-4E3B-81B9-4501DB203BEF}.Debug|x86.Build.0 = Debug|Win32
		{A44F1627-912D-4E3B-81B9-4501DB203BEF}.Release|x64.ActiveCfg = Release|x64
		{A44F1627-912D-4E3B-81B9-4501DB203BEF}.Release|x64.Build.0 = Release|x64
		{A44F1627-912D-4E3B-81B9-4501DB203BEF}.Release|x86.ActiveCfg = Release|Win32
		{A44F1627-912D-4E3B-81B9-4501DB203BEF}.Release|x86.Build.0 = Release|Win32
		{4CB8C992-DC9A-42F4-8807-EA66978A6453}.Debug|x64.ActiveCfg = Debug|x64
		{4CB8C992-DC9A-42F4-8807-EA66978A6453}.Debug|x64.Build.0 = Debug|x64
		{4CB8C992-DC9A-42F4-8807-EA66978A6453}.Debug|x86.ActiveCfg = Debug|Win32
		{4CB8C992-DC9A-42F4-8807-EA66978A6453}.Debug|x86.Build.0 = Debug|Win32
		{4CB8C992-DC9A-42F4-8807-EA66978A6453}.Release|x64.ActiveCfg = Release|x64
		{4CB8C992-DC9A-42F4-8807-EA66978A6453}.Release|x64.Build.0 = Release|x64
		{4CB8C992-DC9A-42F4-8807-EA66978A6453}.Release|x86.ActiveCfg = Release|Win32
		{4CB8C992-DC9A-42F4-8807-EA66978A6453}.Release|x86.Build.0 = Release|Win32
		{9D448CBC-F329-45BC-9C9E-CF22644FE2E5}.Debug|x64.ActiveCfg = Debug|x64
		{9D448CBC-F329-45BC-9C9E-CF22644FE2E5}.Debug|x64.Build.0 = Debug|x64
		{9D448CBC-F329-45BC-9C9E-CF22644FE2E5}.Debug|x86.ActiveCfg = Debug|Win32
		{9D448CBC-F329-45BC-9C9E-CF22644FE2E5}.Debug|x86.Build.0 = Debug|Win32
		{9D448CBC-F329-45BC-9C9E-CF22644FE2E5}.Release|x64.ActiveCfg = Release|x64
		{9D448CBC-F329-45BC-9C9E-CF22644FE2E5}.Release|x64.Build.0 = Release|x64
		{9D448CBC-F329-45BC-9C9E-CF22644FE2E5}.Release|x86.ActiveCfg = Release|Win32
		{9D448CBC-F329-45BC-9C9E-CF22644FE2E5}.Release|x86.Build.0 = Release|Win32
		{FFC20EE0-E259-47BC-97CF-09CB93D4CC57}.Debug|x64.ActiveCfg = Debug|x64
		{FFC20EE0-E259-47BC-97CF-09CB93D4CC57}.Debug|x64.Build.0 = Debug|x64
		{FFC20EE0-E259-47BC-97CF-09CB93D4CC57}.Debug|x86.ActiveCfg = Debug|Win32
		{FFC20EE0-E259-47BC-97CF-09CB93D4CC57}.Debug|x86.Build.0 = Debug|Win32
		{FFC20EE0-E259-47BC-97CF-09CB93D4CC57}.Release|x64.ActiveCfg = Release|x64
		{FFC20EE0-E259-47BC-97CF-09CB93D4CC57}.Release|x64.Build.0 = Release|x64
		{FFC20EE0-E259-47BC-97CF-09CB93D4CC57}.Release|x86.ActiveCfg = Release|Win32
		{FFC20EE0-E259-47BC-97CF-09CB93D4CC57}.Release|x86.Build.0 = Release|Win32
		{C38865C6-F567-41C6-9384-33D75B815AFB}.Debug|x64.ActiveCfg = Debug|x64
		{C38865C6-F567-41C6-9384-33D75B815AFB}.Debug|x64.Build.0 = Debug|x64
		{C38865C6-F567-41C6-9384-33D75B815AFB}.Debug|x86.ActiveCfg = Debug|Win32
		{C38865C6-F567-41C6-9384-33D75B815AFB}.Debug|x86.Build.0 = Debug|Win32
		{C38865C6-F567-41C6-9384-33D75B815AFB}.Release|x64.ActiveCfg = Release|x64
		{C38865C6-F567-41C6-9384-33D75B815AFB}.Release|x64.Build.0 = Release|x64
		{C38865C6-F567-41C6-9384-33D75B815AFB}.Release|x86.ActiveCfg = Release|Win32
		{C38865C6-F567-41C6-9384-33D75B815AFB}.Release|x86.Build.0 = Release|Win32
		{4F933B0C-0F36-477D-B6FF-E33AB3ABFE56}.Debug|x64.ActiveCfg = Debug|x64
		{4F933B0C-0F36-477D-B6FF-E33AB3ABFE56}.Debug|x64.Build.0 = Debug|x64
		{4F933B0C-0F36-477D-B6FF-E33AB3ABFE56}.Debug|x86.ActiveCfg = Debug|Win32
		{4F933B0C-0F36-477D-B6FF-E33AB3ABFE56}.Debug|x86.Build.0 = Debug|Win32
		{4F933B0C-0F36-477D-B6FF-E33AB3ABFE56}.Release|x64.ActiveCfg = Release|x64
		{4F933B0C-0F36-477D-B6FF-E33AB3ABFE56}.Release|x64.Build.0 = Release|x64
		{4F933B0C-0F36-477D-B6FF-E33AB3ABFE56}.Release|x86.ActiveCfg = Release|Win32
		{4F933B0C-0F36-477D-B6FF-E33AB3ABFE56}.Release|x86.Build.0 = Release|Win32
		{98FBAF7A-465C-439E-BDD4-9F0E08E21318}.Debug|x64.ActiveCfg = Debug|x64
		{98FBAF7A-465C-439E-BDD4-9F0E08E21318}.Debug|x64.Build.0 = Debug|x64
		{98FBAF7A-465C-439E-BDD4-9F0E08E21318}.Debug|x86.ActiveCfg = Debug|Win32
		{98FBAF7A-465C-439E-BDD4-9F0E08E21318}.Debug|x86.Build.0 = Debug|Win32
		{98FBAF7A-465C-439E-BDD4-9F0E08E21318}.Release|x64.ActiveCfg = Release|x64
		{98FBAF7A-465C-439E-BDD4-9F0E08E21318}.Release|x64.Build.0 = Release|x64
		{98FBAF7A-465C-439E-BDD4-9F0E08E21318}.Release|x86.ActiveCfg = Release|Win32
		{98FBAF7A-465C-439E-BDD4-9F0E08E21318}.Release|x86.Build.0 = Release|Win32
		{F952497B-B015-4A96-942B-3C0E7DCDBFDB}.Debug|x64.ActiveCfg = Debug|x64
		{F952497B-B015-4A96-942B-3C0E7DCDBFDB}.Debug|x64.Build.0 = Debug|x64
		{F952497B-B015-4A96-942B-3C0E7DCDBFDB}.Debug|x86.ActiveCfg = Debug|Win32
		{F952497B-B015-4A96-942B-3C0E7DCDBFDB}.Debug|x86.Build.0 = Debug|Win32
		{F952497B-B015-4A96-942B-3C0E7DCDBFDB}.Release|x64.ActiveCfg = Release|x64
		{F952497B-B015-4A96-942B-3C0E7DCDBFDB}.Release|x64.Build.0 = Release|x64
		{F952497B-B015-4A96-942B-3C0E7DCDBFDB}.Release|x86.ActiveCfg = Release|Win32
		{F952497B-B015-4A96-942B-3C0E7DCDBFDB}.Release|x86.Build.0 = Release|Win32
		{3E38FB4F-06EE-4824-83BB-DDDB37047D9E}.Debug|x64.ActiveCfg = Debug|x64
		{3E38FB4F-06EE-4824-83BB-DDDB37047D9E}.Debug|x64.Build.0 = Debug|x64
		{3E38FB4F-06EE-4824-83BB-DDDB37047D9E}.Debug|x86.ActiveCfg = Debug|Win32
		{3E38FB4F-06EE-4824-83BB-DDDB37047D9E}.Debug|x86.Build.0 = Debug|Win32
		{3E38FB4F-06EE-4824-83BB-DDDB37047D9E}.Release|x64.ActiveCfg = Release|x64
		{3E38FB4F-06EE-4824-83BB-DDDB37047D9E}.Release|x64.Build.0 = Release|x64
		{3E38FB4F-06EE-4824-83BB-DDDB37047D9E}.Release|x86.ActiveCfg = Release|Win32
		{3E38FB4F-06EE-4824-83BB-DDDB37047D9E}.Release|x86.Build.0 = Release|Win32
		{243E9BD3-4287-4AFD-B4D4-4296D887B995}.Debug|x64.ActiveCfg = Debug|x64
		{243E9BD3-4287-4AFD-B4D4-4296D887B995}.Debug|x64.Build.0 = Debug|x64
		{243E9BD3-4287-4AFD-B4D4-4296D887B995}.Debug|x86.ActiveCfg = Debug|Win32
		{243E9BD3-4287-4AFD-B4D4-4296D887B995}.Debug|x86.Build.0 = Debug|Win32
		{243E9BD3-4287-4AFD-B4D4-4296D887B995}.Release|x64.ActiveCfg = Release|x64
		{243E9BD3-4287-4AFD-B4D4-4296D887B995}.Release|x64.Build.0 = Release|x64
		{243E9BD3-4287-4AFD-B4D4-4296D887B995}.Release|x86.ActiveCfg = Release|Win32
		{243E9BD3-4287-4AFD-B4D4-4296D887B995}.Release|x86.Build.0 = Release|Win32
		{DDA2C2BA-B23D-4A01-BDDF-9CE7D27EE076}.Debug|x64.ActiveCfg = Debug|x64
		{DDA2C2BA-B23D-4A01-BDDF-9CE7D27EE076}.Debug|x64.Build.0 = Debug|x64
		{DDA2C2BA-B23D-4A01-BDDF-9CE7D27EE076}.Debug|x86.ActiveCfg = Debug|Win32
		{DDA2C2BA-B23D-4A01-BDDF-9CE7D27EE076}.Debug|x86.Build.0 = Debug|Win32
		{DDA2C2BA-B23D-4A01-BDDF-9CE7D27EE076}.Release|x64.ActiveCfg = Release|x64
		{DDA2C2BA-B23D-4A01-BDDF-9CE7D27EE076}.Release|x64.Build.0 = Release|x64
		{DDA2C2BA-B23D-4A01-BDDF-9CE7D27EE076}.Release|x86.ActiveCfg = Release|Win32
		{DDA2C2BA-B23D-4A01-BDDF-9CE7D27EE076}.Release|x86.Build.0 = Release|Win32
		{37B88A9E-B76E-42E8-9B51-AC240A1C9328}.Debug|x64.ActiveCfg = Debug|x64
		{37B88A9E-B76E-42E8-9B51-AC240A1C9328}.Debug|x64.Build.0 = Debug|x64
		{37B88A9E-B76E-42E8-9B51-AC240A1C9328}.Debug|x86.ActiveCfg = Debug|Win32
		{37B88A9E-B76E-42E8-9B51-AC240A1C9328}.Debug|x86.Build.0 = Debug|Win32
		{37B88A9E-B76E-42E8-9B51-AC240A1C9328}.Release|x64.ActiveCfg = Release|x64
		{37B88A9E-B76E-42E8-9B51-AC240A1C9328}.Release|x64.Build.0 = Release|x64
		{37B88A9E-B76E-42E8-9B51-AC240A1C9328}.Release|x86.ActiveCfg = Release|Win32
		{37B88A9E-B76E-42E8-9B51-AC240A1C9328}.Release|x86.Build.0 = Release|Win32
		{083F6221-15FB-4E61-8E5A-7C548ECC5A4F}.Debug|x64.ActiveCfg = Debug|x64
		{083F6221-15FB-4E61-8E5A-7C548ECC5A4F}.Debug|x64.Build.0 = Debug|x64
		{083F6221-15FB-4E61-8E5A-7C548ECC5A4F}.Debug|x86.ActiveCfg = Debug|Win32
		{083F6221-15FB-4E61-8E5A-7C548ECC5A4F}.Debug|x86.Build.0 = Debug|Win32
		{083F6221-15FB-4E61-8E5A-7C548ECC5A4F}.Release|x64.ActiveCfg = Release|x64
		{083F6221-15FB-4E61-8E5A-7C548ECC5A4F}.Release|x64.Build.0 = Release|x64
		{083F6221-15FB-4E61-8E5A-7C548ECC5A4F}.Release|x86.ActiveCfg = Release|Win32
		{083F6221-15FB-4E61-8E5A-7C548ECC5A4F}.Release|x86.Build.0 = Release|Win32
		{3705F464-6E0A-4BA2-BB81-E599493393B2}.Debug|x64.ActiveCfg = Debug|x64
		{3705F464-6E0A-4BA2-BB81-E599493393B2}.Debug|x64.Build.0 = Debug|x64
		{3705F464-6E0A-4BA2-BB81-E599493393B2}.Debug|x86.ActiveCfg = Debug|Win32
		{3705F464-6E0A-4BA2-BB81-E599493393B2}.Debug|x86.Build.0 = Debug|Win32
		{3705F464-6E0A-4BA2-BB81-E599493393B2}.Release|x64.ActiveCfg = Release|x64
		{3705F464-6E0A-4BA2-BB81-E599493393B2}.Release|x64.Build.0 = Release|x64
		{3705F464-6E0A-4BA2-BB81-E599493393B2}.Release|x86.ActiveCfg = Release|Win32
		{3705F464-6E0A-4BA2-BB81-E599493393B2}.Release|x86.Build.0 = Release|Win32
		{41593E13-170B-4821-950B-8CC37ED6CE69}.Debug|x64.ActiveCfg = Debug|x64
		{41593E13-170B-4821-950B-8CC37ED6CE69}.Debug|x64.Build.0 = Debug|x64
		{41593E13-170B-4821-950B-8CC37ED6CE69}.Debug|x86.ActiveCfg = Debug|Win32
		{41593E13-170B-4821-950B-8CC37ED6CE69}.Debug|x86.Build.0 = Debug|Win32
		{41593E13-170B-4821-950B-8CC37ED6CE69}.Release|x64.ActiveCfg = Release|x64
		{41593E13-170B-4821-950B-8CC37ED6CE69}.Release|x64.Build.0 = Release|x64
		{41593E13-170B-4821-950B-8CC37ED6CE69}.Release|x86.ActiveCfg = Release|Win32
		{41593E13-170B-4821-950B-8CC37ED6CE69}.Release|x86.Build.0 = Release|Win32
		{71A1D827-CE3D-4837-8DB5-59FCDBC09066}.Debug|x64.ActiveCfg = Debug|x64
		{71A1D827-CE3D-4837-8DB5-59FCDBC09066}.Debug|x64.Build.0 = Debug|x64
		{71A1D827-CE3D-4837-8DB5-59FCDBC09066}.Debug|x86.ActiveCfg = Debug|Win32
		{71A1D827-CE3D-4837-8DB5-59FCDBC09066}.Debug|x86.Build.0 = Debug|Win32
		{71A1D827-CE3D-4837-8DB5-59FCDBC09066}.Release|x64.ActiveCfg = Release|x64
		{71A1D827-CE3D-4837-8DB5-59FCDBC09066}.Release|x64.Build.0 = Release|x64
		{71A1D827-CE3D-4837-8DB5-59FCDBC09066}.Release|x86.ActiveCfg = Release|Win32
		{71A1D827-CE3D-4837-8DB5-59FCDBC09066}.Release|x86.Build.0 = Release|Win32
		{9CBA16F9-2D5E-4E7D-A9A5-BC3734D0A8A1}.Debug|x64.ActiveCfg = Debug|x64
		{9CBA16F9-2D5E-4E7D-A9A5-BC3734D0A8A1}.Debug|x64.Build.0 = Debug|x64
		{9CBA16F9-2D5E-4E7D-A9A5-BC3734D0A8A1}.Debug|x86.ActiveCfg = Debug|Win32
		{9CBA16F9-2D5E-4E7D-A9A5-BC3734D0A8A1}.Debug|x86.Build.0 = Debug|Win32
		{9CBA16F9-2D5E-4E7D-A9A5-BC3734D0A8A1}.Release|x64.ActiveCfg = Release|x64
		{9CBA16F9-2D5E-4E7D-A9A5-BC3734D0A8A1}.Release|x64.Build.0 = Release|x64
		{9CBA16F9-2D5E-4E7D-A9A5-BC3734D0A8A1}.Release|x86.ActiveCfg = Release|Win32
		{9CBA16F9-2D5E-4E7D-A9A5-BC3734D0A8A1}.Release|x86.Build.0 = Release|Win32
		{04605D85-1609-4875-AF8B-173CAA22ACF2}.Debug|x64.ActiveCfg = Debug|x64
		{04605D85-1609-4875-AF8B-173CAA22ACF2}.Debug|x64.Build.0 = Debug|x64
		{04605D85-1609-4875-AF8B-173CAA22ACF2}.Debug|x86.ActiveCfg = Debug|Win32
		{04605D85-1609-4875-AF8B-173CAA22ACF2}.Debug|x86.Build.0 = Debug|Win32
		{04605D85-1609-4875-AF8B-173CAA22ACF2}.Release|x64.ActiveCfg = Release|x64
		{04605D85-1609-4875-AF8B-173CAA22ACF2}.Release|x64.Build.0 = Release|x64
		{04605D85-1609-4875-AF8B-173CAA22ACF2}.Release|x86.ActiveCfg = Release|Win32
		{04605D85-1609-4875-AF8B-173CAA22ACF2}.Release|x86.Build.0 = Release|Win32
		{83C7D548-B6F2-4DC2-8D89-D55F5C043861}.Debug|x64.ActiveCfg = Debug|x64
		{83C7D548-B6F2-4DC2-8D89-D55F5C043861}.Debug|x64.Build.0 = Debug|x64
		{83C7D548-B6F2-4DC2-8D89-D55F5C043861}.Debug|x86.ActiveCfg = Debug|Win32
		{83C7D548-B6F2-4DC2-8D89-D55F5C043861}.Debug|x86.Build.0 = Debug|Win32
		{83C7D548-B6F2-4DC2-8D89-D55F5C043861}.Release|x64.ActiveCfg = Release|x64
		{83C7D548-B6F2-4DC2-8D89-D55F5C043861}.Release|x64.Build.0 = Release|x64
		{83C7D548-B6F2-4DC2-8D89-D55F5C043861}.Release|x86.ActiveCfg = Release|Win32
		{83C7D548-B6F2-4DC2-8D89-D55F5C043861}.Release|x86.Build.0 = Release|Win32
		{0DF2F572-F997-45D6-B11D-F7CB674D0C7E}.Debug|x64.ActiveCfg = Debug|x64
		{0DF2F572-F997-45D6-B11D-F7CB674D0C7E}.Debug|x64.Build.0 = Debug|x64
		{0DF2F572-F997-45D6-B11D-F7CB674D0C7E}.Debug|x86.ActiveCfg = Debug|Win32
		{0DF2F572-F997-45D6-B11D-F7CB674D0C7E}.Debug|x86.Build.0 = Debug|Win32
		{0DF2F572-F997-45D6-B11D-F7CB674D0C7E}.Release|x64.ActiveCfg = Release|x64
		{0DF2F572-F997-45D6-B11D-F7CB674D0C7E}.Release|x64.Build.0 = Release|x64
		{0DF2F572-F997-45D6-B11D-F7CB674D0C7E}.Release|x86.ActiveCfg = Release|Win32
		{0DF2F572-F997-45D6-B11D-F7CB674D0C7E}.Release|x86.Build.0 = Release|Win32
		{AD0D0B35-5A23-44A1-8412-C358C6D46268}.Debug|x64.ActiveCfg = Debug|x64
		{AD0D0B35-5A23-44A1-8412-C358C6D46268}.Debug|x64.Build.0 = Debug|x64
		{AD0D0B35-5A23-44A1-8412-C358C6D46268}.Debug|x86.ActiveCfg = Debug|Win32
		{AD0D0B35-5A23-44A1-8412-C358C6D46268}.Debug|x86.Build.0 = Debug|Win32
		{AD0D0B35-5A23-44A1-8412-C358C6D46268}.Release|x64.ActiveCfg = Release|x64
		{AD0D0B35-5A23-44A1-8412-C358C6D46268}.Release|x64.Build.0 = Release|x64
		{AD0D0B35-5A23-44A1-8412-C358C6D46268}.Release|x86.ActiveCfg = Release|Win32
		{AD0D0B35-5A23-44A1-8412-C358C6D46268}.Release|x86.Build.0 = Release|Win32
		{F2927AFC-ED67-46F5-9BEF-A39B1A497B35}.Debug|x64.ActiveCfg = Debug|x64
		{F2927AFC-ED67-46F5-9BEF-A39B1A497B35}.Debug|x64.Build.0 = Debug|x64
		{F2927AFC-ED67-46F5-9BEF-A39B1A497B35}.Debug|x86.ActiveCfg = Debug|Win32
		{F2927AFC-ED67-46F5-9BEF-A39B1A497B35}.Debug|x86.Build.0 = Debug|Win32
		{F2927AFC-ED67-46F5-9BEF-A39B1A497B35}.Release|x64.ActiveCfg = Release|x64
		{F2927AFC-ED67-46F5-9BEF-A39B1A497B35}.Release|x64.Build.0 = Release|x64
		{F2927AFC-ED67-46F5-9BEF-A39B1A497B35}.Release|x86.ActiveCfg = Release|Win32
		{F2927AFC-ED67-46F5-9BEF-A39B1A497B35}.Release|x86.Build.0 = Release|Win32
		{6C9970FA-DCDA-4F4B-9188-D2038DC63DDA}.Debug|x64.ActiveCfg = Debug|x64
		{6C9970FA-DCDA-4F4B-9188-D2038DC63DDA}.Debug|x64.Build.0 = Debug|x64
		{6C9970FA-DCDA-4F4B-9188-D2038DC63DDA}.Debug|x86.ActiveCfg = Debug|Win32
		{6C9970FA-DCDA-4F4B-9188-D2038DC63DDA}.Debug|x86.Build.0 = Debug|Win32
		{6C9970FA-DCDA-4F4B-9188-D2038DC63DDA}.Release|x64.ActiveCfg = Release|x64
		{6C9970FA-DCDA-4F4B-9188-D2038DC63DDA}.Release|x64.Build.0 = Release|x64
		{6C9970FA-DCDA-4F4B-9188-D2038DC63DDA}.Release|x86.ActiveCfg = Release|Win32
		{6C9970FA-DCDA-4F4B-9188-D2038DC63DDA}.Release|x86.Build.0 = Release|Win32
		{F9705679-B66B-41D0-8112-9B3B23FA4440}.Debug|x64.ActiveCfg = Debug|x64
		{F9705679-B66B-41D0-8112-9B3B23FA4440}.Debug|x64.Build.0 = Debug|x64
		{F9705679-B66B-41D0-8112-9B3B23FA4440}.Debug|x86.ActiveCfg = Debug|Win32
		{F9705679-B66B-41D0-8112-9B3B23FA4440}.Debug|x86.Build.0 = Debug|Win32
		{F9705679-B66B-41D0-8112-9B3B23FA4440}.Release|x64.ActiveCfg = Release|x64
		{F9705679-B66B-41D0-8112-9B3B23FA4440}.Release|x64.Build.0 = Release|x64
		{F9705679-B66B-41D0-8112-9B3B23FA4440}.Release|x86.ActiveCfg = Release|Win32
		{F9705679-B66B-41D0-8112-9B3B23FA4440}.Release|x86.Build.0 = Release|Win32
		{E6B4150B-5DFD-42CD-AFF1-CDE93C5E1675}.Debug|x64.ActiveCfg = Debug|x64
		{E6B4150B-5DFD-42CD-AFF1-CDE93C5E1675}.Debug|x64.Build.0 = Debug|x64
		{E6B4150B-5DFD-42CD-AFF1-CDE93C5E1675}.Debug|x86.ActiveCfg = Debug|Win32
		{E6B4150B-5DFD-42CD-AFF1-CDE93C5E1675}.Debug|x86.Build.0 = Debug|Win32
		{E6B4150B-5DFD-42CD-AFF1-CDE93C5E1675}.Release|x64.ActiveCfg = Release|x64
		{E6B4150B-5DFD-42CD-AFF1-CDE93C5E1675}.Release|x64.Build.0 = Release|x64
		{E6B4150B-5DFD-42CD-AFF1-CDE93C5E1675}.Release|x86.ActiveCfg = Release|Win32
		{E6B4150B-5DFD-42CD-AFF1-CDE93C5E1675}.Release|x86.Build.0 = Release|Win32
		{9F93AA4A-69C6-4E0C-910D-0B7F9F91C649}.Debug|x64.ActiveCfg = Debug|x64
		{9F93AA4A-69C6-4E0C-910D-0B7F9F91C649}.Debug|x64.Build.0 = Debug|x64
		{9F93AA4A-69C6-4E0C-910D-0B7F9F91C649}.Debug|x86.ActiveCfg = Debug|Win32
		{9F93AA4A-69C6-4E0C-910D-0B7F9F91C649}.Debug|x86.Build.0 = Debug|Win32
		{9F93AA4A-69C6-4E0C-910D-0B7F9F91C649}.Release|x64.ActiveCfg = Release|x64
		{9F93AA4A-69C6-4E0C-910D-0B7F9F91C649}.Release|x64.Build.0 = Release|x64
		{9F93AA4A-69C6-4E0C-910D-0B7F9F91C649}.Release|x86.ActiveCfg = Release|Win32
		{9F93AA4A-69C6-4E0C-910D-0B7F9F91C649}.Release|x86.Build.0 = Release|Win32
		{8BD5D977-F841-4056-BBCF-E41F1770E06A}.Debug|x64.ActiveCfg = Debug|x64
		{8BD5D977-F841-4056-BBCF-E41F1770E06A}.Debug|x64.Build.0 = Debug|x64
		{8BD5D977-F841-4056-BBCF-E41F1770E06A}.Debug|x86.ActiveCfg = Debug|Win32
		{8BD5D977-F841-4056-BBCF-E41F1770E06A}.Debug|x86.Build.0 = Debug|Win32
		{8BD5D977-F841-4056-BBCF-E41F1770E06A}.Release|x64.ActiveCfg = Release|x64
		{8BD5D977-F841-4056-BBCF-E41F1770E06A}.Release|x64.Build.0 = Release|x64
		{8BD5D977-F841-4056-BBCF-E41F1770E06A}.Release|x86.ActiveCfg = Release|Win32
		{8BD5D977-F841-4056-BBCF-E41F1770E06A}.Release|x86.Build.0 = Release|Win32
		{01C19ED5-1333-4D7A-9969-F468CCBBA30E}.Debug|x64.ActiveCfg = Debug|x64
		{01C19ED5-1333-4D7A-9969-F468CCBBA30E}.Debug|x64.Build.0 = Debug|x64
		{01C19ED5-1333-4D7A-9969-F468CCBBA30E}.Debug|x86.ActiveCfg = Debug|Win32
		{01C19ED5-1333-4D7A-9969-F468CCBBA30E}.Debug|x86.Build.0 = Debug|Win32
		{01C19ED5-1333-4D7A-9969-F468CCBBA30E}.Release|x64.ActiveCfg = Release|x64
		{01C19ED5-1333-4D7A-9969-F468CCBBA30E}.Release|x64.Build.0 = Release|x64
		{01C19ED5-1333-4D7A-9969-F468CCBBA30E}.Release|x86.ActiveCfg = Release|Win32
		{01C19ED5-1333-4D7A-9969-F468CCBBA30E}.Release|x86.Build.0 = Release|Win32
		{C6D590FE-7B27-4110-BB20-752F8AD993BE}.Debug|x64.ActiveCfg = Debug|x64
		{C6D590FE-7B27-4110-BB20-752F8AD993BE}.Debug|x64.Build.0 = Debug|x64
		{C6D590FE-7B27-4110-BB20-752F8AD993BE}.Debug|x86.ActiveCfg = Debug|Win32
		{C6D590FE-7B27-4110-BB20-752F8AD993BE}.Debug|x86.Build.0 = Debug|Win32
		{C6D590FE-7B27-4110-BB20-752F8AD993BE}.Release|x64.ActiveCfg = Release|x64
		{C6D590FE-7B27-4110-BB20-752F8AD993BE}.Release|x64.Build.0 = Release|x64
		{C6D590FE-7B27-4110-BB20-752F8AD993BE}.Release|x86.ActiveCfg = Release|Win32
		{C6D590FE-7B27-4110-BB20-752F8AD993BE}.Release|x86.Build.0 = Release|Win32
		{023C5B32-9D9E-4F03-B2A0-DF62B4CE615A}.Debug|x64.ActiveCfg = Debug|x64
		{023C5B32-9D9E-4F03-B2A0-DF62B4CE615A}.Debug|x64.Build.0 = Debug|x64
		{023C5B32-9D9E-4F03-B2A0-DF62B4CE615A}.Debug|x86.ActiveCfg = Debug|Win32
		{023C5B32-9D9E-4F03-B2A0-DF62B4CE615A}.Debug|x86.Build.0 = Debug|Win32
		{023C5B32-9D9E-4F03-B2A0-DF62B4CE615A}.Release|x64.ActiveCfg = Release|x64
		{023C5B32-9D9E-4F03-B2A0-DF62B4CE615A}.Release|x64.Build.0 = Release|x64
		{023C5B32-9D9E-4F03-B2A0-DF62B4CE615A}.Release|x86.ActiveCfg = Release|Win32
		{023C5B32-9D9E-4F03-B2A0-DF62B4CE615A}.Release|x86.Build.0 = Release|Win32
		{01EF8589-5372-4609-A977-1723C0EBBA13}.Debug|x64.ActiveCfg = Debug|x64
		{01EF8589-5372-4609-A977-1723C0EBBA13}.Debug|x64.Build.0 = Debug|x64
		{01EF8589-5372-4609-A977-1723C0EBBA13}.Debug|x86.ActiveCfg = Debug|Win32
		{01EF8589-5372-4609-A977-1723C0EBBA13}.Debug|x86.Build.0 = Debug|Win32
		{01EF8589-5372-4609-A977-1723C0EBBA13}.Release|x64.ActiveCfg = Release|x64
		{01EF8589-5372-4609-A977-1723C0EBBA13}.Release|x64.Build.0 = Release|x64
		{01EF8589-5372-4609-A977-1723C0EBBA13}.Release|x86.ActiveCfg = Release|Win32
		{01EF8589-5372-4609-A977-1723C0EBBA13}.Release|x86.Build.0 = Release|Win32
		{795AD4AC-B2D4-4AA3-A035-FAC8DEDF2AEC}.Debug|x64.ActiveCfg = Debug|x64
		{795AD4AC-B2D4-4AA3-A035-FAC8DEDF2AEC}.Debug|x64.Build.0 = Debug|x64
		{795AD4AC-B2D4-4AA3-A035-FAC8DEDF2AEC}.Debug|x86.ActiveCfg = Debug|Win32
		{795AD4AC-B2D4-4AA3-A035-FAC8DEDF2AEC}.Debug|x86.Build.0 = Debug|Win32
		{795AD4AC-B2D4-4AA3-A035-FAC8DEDF2AEC}.Release|x64.ActiveCfg = Release|x64
		{795AD4AC-B2D4-4AA3-A035-FAC8DEDF2AEC}.Release|x64.Build.0 = Release|x64
		{795AD4AC-B2D4-4AA3-A035-FAC8DEDF2AEC}.Release|x86.ActiveCfg = Release|Win32
		{795AD4AC-B2D4-4AA3-A035-FAC8DEDF2AEC}.Release|x86.Build.0 = Release|Win32
		{5E44CEE1-A23E-46E0-8F24-CF5E9EA385EA}.Debug|x64.ActiveCfg = Debug|x64
		{5E44CEE1-A23E-46E0-8F24-CF5E9EA385EA}.Debug|x64.Build.0 = Debug|x64
		{5E44CEE1-A23E-46E0-8F24-CF5E9EA385EA}.Debug|x86.ActiveCfg = Debug|Win32
		{5E44CEE1-A23E-46E0-8F24-CF5E9EA385EA}.Debug|x86.Build.0 = Debug|Win32
		{5E44CEE1-A23E-46E0-8F24-CF5E9EA385EA}.Release|x64.ActiveCfg = Release|x64
		{5E44CEE1-A23E-46E0-8F24-CF5E9EA385EA}.Release|x64.Build.0 = Release|x64
		{5E44CEE1-A23E-46E0-8F24-CF5E9EA385EA}.Release|x86.ActiveCfg = Release|Win32
		{5E44CEE1-A23E-46E0-8F24-CF5E9EA385EA}.Release|x86.Build.0 = Release|Win32
		{EE73256E-3E34-417D-AB87-C7AA2635A5B8}.Debug|x64.ActiveCfg = Debug|x64
		{EE73256E-3E34-417D-AB87-C7AA2635A5B8}.Debug|x64.Build.0 = Debug|x64
		{EE73256E-3E34-417D-AB87-C7AA2635A5B8}.Debug|x86.ActiveCfg = Debug|Win32
		{EE73256E-3E34-417D-AB87-C7AA2635A5B8}.Debug|x86.Build.0 = Debug|Win32
		{EE73256E-3E34-417D-AB87-C7AA2635A5B8}.Release|x64.ActiveCfg = Release|x64
		{EE73256E-3E34-417D-AB87-C7AA2635A5B8}.Release|x64.Build.0 = Release|x64
		{EE73256E-3E34-417D-AB87-C7AA2635A5B8}.Release|x86.ActiveCfg = Release|Win32
		{EE73256E-3E34-417D-AB87-C7AA2635A5B8}.Release|x86.Build.0 = Release|Win32
		{BB838454-0E02-4220-BC27-37672DC8CAF9}.Debug|x64.ActiveCfg = Debug|x64
		{BB838454-0E02-4220-BC27-37672DC8CAF9}.Debug|x64.Build.0 = Debug|x64
		{BB838454-0E02-4220-BC27-37672DC8CAF9}.Debug|x86.ActiveCfg = Debug|Win32
		{BB838454-0E02-4220-BC27-37672DC8CAF9}.Debug|x86.Build.0 = Debug|Win32
		{BB838454-0E02-4220-BC27-37672DC8CAF9}.Release|x64.ActiveCfg = Release|x64
		{BB838454-0E02-4220-BC27-37672DC8CAF9}.Release|x64.Build.0 = Release|x64
		{BB838454-0E02-4220-BC27-37672DC8CAF9}.Release|x86.ActiveCfg = Release|Win32
		{BB838454-0E02-4220-BC27-37672DC8CAF9}.Release|x86.Build.0 = Release|Win32
		{E250B5A5-6345-441A-9C46-A64468B6DF58}.Debug|x64.ActiveCfg = Debug|x64
		{E250B5A5-6345-441A-9C46-A64468B6DF58}.Debug|x64.Build.0 = Debug|x64
		{E250B5A5-6345-441A-9C46-A64468B6DF58}.Debug|x86.ActiveCfg = Debug|Win32
		{E250B5A5-6345-441A-9C46-A64468B6DF58}.Debug|x86.Build.0 = Debug|Win32
		{E250B5A5-6345-441A-9C46-A64468B6DF58}.Release|x64.ActiveCfg = Release|x64
		{E250B5A5-6345-441A-9C46-A64468B6DF58}.Release|x64.Build.0 = Release|x64
		{E250B5A5-6345-441A-9C46-A64468B6DF58}.Release|x86.ActiveCfg = Release|Win32
		{E250B5A5-6345-441A-9C46-A64468B6DF58}.Release|x86.Build.0 = Release|Win32
		{DF4AA1B5-8D3D-4FDF-B244-8AE0AF7F7DC1}.Debug|x64.ActiveCfg = Debug|x64
		{DF4AA1B5-8D3D-4FDF-B244-8AE0AF7F7DC1}.Debug|x64.Build.0 = Debug|x64
		{DF4AA1B5-8D3D-4FDF-B244-8AE0AF7F7DC1}.Debug|x86.ActiveCfg = Debug|Win32
		{DF4AA1B5-8D3D-4FDF-B244-8AE0AF7F7DC1}.Debug|x86.Build.0 = Debug|Win32
		{DF4AA1B5-8D3D-4FDF-B244-8AE0AF7F7DC1}.Release|x64.ActiveCfg = Release|x64
		{DF4AA1B5-8D3D-4FDF-B244-8AE0AF7F7DC1}.Release|x64.Build.0 = Release|x64
		{DF4AA1B5-8D3D-4FDF-B244-8AE0AF7F7DC1}.Release|x86.ActiveCfg = Release|Win32
		{DF4AA1B5-8D3D-4FDF-B244-8AE0AF7F7DC1}.Release|x86.Build.0 = Release|Win32
		{02A1F77B-C9AC-466A-83EA-85E4F29E41C5}.Debug|x64.ActiveCfg = Debug|x64
		{02A1F77B-C9AC-466A-83EA-85E4F29E41C5}.Debug|x64.Build.0 = Debug|x64
		{02A1F77B-C9AC-466A-83EA-85E4F29E41C5}.Debug|x86.ActiveCfg = Debug|Win32
		{02A1F77B-C9AC-466A-83EA-85E4F29E41C5}.Debug|x86.Build.0 = Debug|Win32
		{02A1F77B-C9AC-466A-83EA-85E4F29E41C5}.Release|x64.ActiveCfg = Release|x64
		{02A1F77B-C9AC-466A-83EA-85E4F29E41C5}.Release|x64.Build.0 = Release|x64
		{02A1F77B-C9AC-466A-83EA-85E4F29E41C5}.Release|x86.ActiveCfg = Release|Win32
		{02A1F77B-C9AC-466A-83EA-85E4F29E41C5}.Release|x86.Build.0 = Release|Win32
		{23AFF7C3-4214-44F4-AB18-EE75F13AB1FC}.Debug|x64.ActiveCfg = Debug|x64
		{23AFF7C3-4214-44F4-AB18-EE75F13AB1FC}.Debug|x64.Build.0 = Debug|x64
		{23AFF7C3-4214-44F4-AB18-EE75F13AB1FC}.Debug|x86.ActiveCfg = Debug|Win32
		{23AFF7C3-4214-44F4-AB18-EE75F13AB1FC}.Debug|x86.Build.0 = Debug|Win32
		{23AFF7C3-4214-44F4-AB18-EE75F13AB1FC}.Release|x64.ActiveCfg = Release|x64
		{23AFF7C3-4214-44F4-AB18-EE75F13AB1FC}.Release|x64.Build.0 = Release|x64
		{23AFF7C3-4214-44F4-AB18-EE75F13AB1FC}.Release|x86.ActiveCfg = Release|Win32
		{23AFF7C3-4214-44F4-AB18-EE75F13AB1FC}.Release|x86.Build.0 = Release|Win32
	EndGlobalSection
	GlobalSection(SolutionProperties) = preSolution
		HideSolutionNode = FALSE
	EndGlobalSection
	GlobalSection(ExtensibilityGlobals) = postSolution
		SolutionGuid = {D69DFF5D-5219-4EEF-9D62-E9322C87D146}
	EndGlobalSection
EndGlobal
